
Microsoft Visual Studio Solution File, Format Version 12.00
# Visual Studio Version 16
VisualStudioVersion = 16.0.31229.75
MinimumVisualStudioVersion = 10.0.40219.1
Project("{F184B08F-C81C-45F6-A57F-5ABD9991F28F}") = "WebApplication1", "WebApplication1\WebApplication1.vbproj", "{35CEF518-44E3-4160-99E8-F411AFC51343}"
EndProject
Global
	GlobalSection(SolutionConfigurationPlatforms) = preSolution
		Debug|Any CPU = Debug|Any CPU
		Release|Any CPU = Release|Any CPU
	EndGlobalSection
	GlobalSection(ProjectConfigurationPlatforms) = postSolution
		{35CEF518-44E3-4160-99E8-F411AFC51343}.Debug|Any CPU.ActiveCfg = Debug|Any CPU
		{35CEF518-44E3-4160-99E8-F411AFC51343}.Debug|Any CPU.Build.0 = Debug|Any CPU
		{35CEF518-44E3-4160-99E8-F411AFC51343}.Release|Any CPU.ActiveCfg = Release|Any CPU
		{35CEF518-44E3-4160-99E8-F411AFC51343}.Release|Any CPU.Build.0 = Release|Any CPU
	EndGlobalSection
	GlobalSection(SolutionProperties) = preSolution
		HideSolutionNode = FALSE
	EndGlobalSection
	GlobalSection(ExtensibilityGlobals) = postSolution
		SolutionGuid = {A5FBB8CC-08CB-4B41-BDAC-50DF00A62F44}
	EndGlobalSection
EndGlobal
